
Microsoft Visual Studio Solution File, Format Version 12.00
# Visual Studio Version 17
VisualStudioVersion = 17.8.34525.116
MinimumVisualStudioVersion = 10.0.40219.1
Project("{FAE04EC0-301F-11D3-BF4B-00C04F79EFBC}") = "snippetz", "snippetz\snippetz.csproj", "{0131B96D-71E1-4355-9554-B63667C32AB5}"
EndProject
Global
	GlobalSection(SolutionConfigurationPlatforms) = preSolution
		Debug|Any CPU = Debug|Any CPU
		Release|Any CPU = Release|Any CPU
	EndGlobalSection
	GlobalSection(ProjectConfigurationPlatforms) = postSolution
		{0131B96D-71E1-4355-9554-B63667C32AB5}.Debug|Any CPU.ActiveCfg = Debug|Any CPU
		{0131B96D-71E1-4355-9554-B63667C32AB5}.Debug|Any CPU.Build.0 = Debug|Any CPU
		{0131B96D-71E1-4355-9554-B63667C32AB5}.Release|Any CPU.ActiveCfg = Release|Any CPU
		{0131B96D-71E1-4355-9554-B63667C32AB5}.Release|Any CPU.Build.0 = Release|Any CPU
	EndGlobalSection
	GlobalSection(SolutionProperties) = preSolution
		HideSolutionNode = FALSE
	EndGlobalSection
	GlobalSection(ExtensibilityGlobals) = postSolution
		SolutionGuid = {B196F4DB-19E9-45EC-9C03-6508643DCCB5}
	EndGlobalSection
EndGlobal
